
Microsoft Visual Studio Solution File, Format Version 12.00
# Visual Studio Version 16
VisualStudioVersion = 16.0.31019.35
MinimumVisualStudioVersion = 10.0.40219.1
Project("{FAE04EC0-301F-11D3-BF4B-00C04F79EFBC}") = "MyProxy", "MyProxy\MyProxy.csproj", "{0391F8CD-CC80-4FDF-B9C7-EEFD5F7544EB}"
EndProject
Project("{FAE04EC0-301F-11D3-BF4B-00C04F79EFBC}") = "MyProxy.Security", "MyProxy.Security\MyProxy.Security.csproj", "{CCEB61AE-EF63-4D1B-935A-D473EE621993}"
EndProject
Project("{FAE04EC0-301F-11D3-BF4B-00C04F79EFBC}") = "MyProxy.Notification", "MyProxy.Notification\MyProxy.Notification.csproj", "{2AD016FF-9BE3-4419-A904-40F3BE81F92A}"
EndProject
Global
	GlobalSection(SolutionConfigurationPlatforms) = preSolution
		Debug|Any CPU = Debug|Any CPU
		Release|Any CPU = Release|Any CPU
	EndGlobalSection
	GlobalSection(ProjectConfigurationPlatforms) = postSolution
		{0391F8CD-CC80-4FDF-B9C7-EEFD5F7544EB}.Debug|Any CPU.ActiveCfg = Debug|Any CPU
		{0391F8CD-CC80-4FDF-B9C7-EEFD5F7544EB}.Debug|Any CPU.Build.0 = Debug|Any CPU
		{0391F8CD-CC80-4FDF-B9C7-EEFD5F7544EB}.Release|Any CPU.ActiveCfg = Release|Any CPU
		{0391F8CD-CC80-4FDF-B9C7-EEFD5F7544EB}.Release|Any CPU.Build.0 = Release|Any CPU
		{CCEB61AE-EF63-4D1B-935A-D473EE621993}.Debug|Any CPU.ActiveCfg = Debug|Any CPU
		{CCEB61AE-EF63-4D1B-935A-D473EE621993}.Debug|Any CPU.Build.0 = Debug|Any CPU
		{CCEB61AE-EF63-4D1B-935A-D473EE621993}.Release|Any CPU.ActiveCfg = Release|Any CPU
		{CCEB61AE-EF63-4D1B-935A-D473EE621993}.Release|Any CPU.Build.0 = Release|Any CPU
		{2AD016FF-9BE3-4419-A904-40F3BE81F92A}.Debug|Any CPU.ActiveCfg = Debug|Any CPU
		{2AD016FF-9BE3-4419-A904-40F3BE81F92A}.Debug|Any CPU.Build.0 = Debug|Any CPU
		{2AD016FF-9BE3-4419-A904-40F3BE81F92A}.Release|Any CPU.ActiveCfg = Release|Any CPU
		{2AD016FF-9BE3-4419-A904-40F3BE81F92A}.Release|Any CPU.Build.0 = Release|Any CPU
	EndGlobalSection
	GlobalSection(SolutionProperties) = preSolution
		HideSolutionNode = FALSE
	EndGlobalSection
	GlobalSection(ExtensibilityGlobals) = postSolution
		SolutionGuid = {6DF7EC74-0B17-4E9A-AC7F-7AA0D6A04DE5}
	EndGlobalSection
EndGlobal
